
Microsoft Visual Studio Solution File, Format Version 12.00
# Visual Studio 15
VisualStudioVersion = 15.0.27130.2036
MinimumVisualStudioVersion = 10.0.40219.1
Project("{FAE04EC0-301F-11D3-BF4B-00C04F79EFBC}") = "ScoutUniformMVC1", "ScoutUniformMVC1\ScoutUniformMVC1.csproj", "{C81D1B91-75C6-43F6-90BC-639185BE631F}"
EndProject
Global
	GlobalSection(SolutionConfigurationPlatforms) = preSolution
		Debug|Any CPU = Debug|Any CPU
		Release|Any CPU = Release|Any CPU
	EndGlobalSection
	GlobalSection(ProjectConfigurationPlatforms) = postSolution
		{C81D1B91-75C6-43F6-90BC-639185BE631F}.Debug|Any CPU.ActiveCfg = Debug|Any CPU
		{C81D1B91-75C6-43F6-90BC-639185BE631F}.Debug|Any CPU.Build.0 = Debug|Any CPU
		{C81D1B91-75C6-43F6-90BC-639185BE631F}.Release|Any CPU.ActiveCfg = Release|Any CPU
		{C81D1B91-75C6-43F6-90BC-639185BE631F}.Release|Any CPU.Build.0 = Release|Any CPU
	EndGlobalSection
	GlobalSection(SolutionProperties) = preSolution
		HideSolutionNode = FALSE
	EndGlobalSection
	GlobalSection(ExtensibilityGlobals) = postSolution
		SolutionGuid = {14685F7E-1701-4CD1-BFE8-A3FA3D7FE78B}
	EndGlobalSection
EndGlobal
